
Microsoft Visual Studio Solution File, Format Version 12.00
Project("{FAE04EC0-301F-11D3-BF4B-00C04F79EFBC}") = "OrionBE.Launcher", "OrionBE.Launcher\OrionBE.Launcher.csproj", "{9DAA092D-A197-428F-8945-3F26000FB057}"
EndProject
Project("{FAE04EC0-301F-11D3-BF4B-00C04F79EFBC}") = "OrionBE.Launcher.Tests", "OrionBE.Launcher.Tests\OrionBE.Launcher.Tests.csproj", "{80E030BB-5D7E-4A79-907F-060251CC0664}"
EndProject
Global
	GlobalSection(SolutionConfigurationPlatforms) = preSolution
		Debug|Any CPU = Debug|Any CPU
		Debug|x64 = Debug|x64
		Debug|x86 = Debug|x86
		Release|Any CPU = Release|Any CPU
		Release|x64 = Release|x64
		Release|x86 = Release|x86
	EndGlobalSection
	GlobalSection(ProjectConfigurationPlatforms) = postSolution
		{9DAA092D-A197-428F-8945-3F26000FB057}.Debug|Any CPU.ActiveCfg = Debug|Any CPU
		{9DAA092D-A197-428F-8945-3F26000FB057}.Debug|Any CPU.Build.0 = Debug|Any CPU
		{9DAA092D-A197-428F-8945-3F26000FB057}.Debug|x64.ActiveCfg = Debug|Any CPU
		{9DAA092D-A197-428F-8945-3F26000FB057}.Debug|x64.Build.0 = Debug|Any CPU
		{9DAA092D-A197-428F-8945-3F26000FB057}.Debug|x86.ActiveCfg = Debug|Any CPU
		{9DAA092D-A197-428F-8945-3F26000FB057}.Debug|x86.Build.0 = Debug|Any CPU
		{9DAA092D-A197-428F-8945-3F26000FB057}.Release|Any CPU.ActiveCfg = Release|Any CPU
		{9DAA092D-A197-428F-8945-3F26000FB057}.Release|Any CPU.Build.0 = Release|Any CPU
		{9DAA092D-A197-428F-8945-3F26000FB057}.Release|x64.ActiveCfg = Release|Any CPU
		{9DAA092D-A197-428F-8945-3F26000FB057}.Release|x64.Build.0 = Release|Any CPU
		{9DAA092D-A197-428F-8945-3F26000FB057}.Release|x86.ActiveCfg = Release|Any CPU
		{9DAA092D-A197-428F-8945-3F26000FB057}.Release|x86.Build.0 = Release|Any CPU
		{80E030BB-5D7E-4A79-907F-060251CC0664}.Debug|Any CPU.ActiveCfg = Debug|Any CPU
		{80E030BB-5D7E-4A79-907F-060251CC0664}.Debug|Any CPU.Build.0 = Debug|Any CPU
		{80E030BB-5D7E-4A79-907F-060251CC0664}.Debug|x64.ActiveCfg = Debug|Any CPU
		{80E030BB-5D7E-4A79-907F-060251CC0664}.Debug|x64.Build.0 = Debug|Any CPU
		{80E030BB-5D7E-4A79-907F-060251CC0664}.Debug|x86.ActiveCfg = Debug|Any CPU
		{80E030BB-5D7E-4A79-907F-060251CC0664}.Debug|x86.Build.0 = Debug|Any CPU
		{80E030BB-5D7E-4A79-907F-060251CC0664}.Release|Any CPU.ActiveCfg = Release|Any CPU
		{80E030BB-5D7E-4A79-907F-060251CC0664}.Release|Any CPU.Build.0 = Release|Any CPU
		{80E030BB-5D7E-4A79-907F-060251CC0664}.Release|x64.ActiveCfg = Release|Any CPU
		{80E030BB-5D7E-4A79-907F-060251CC0664}.Release|x64.Build.0 = Release|Any CPU
		{80E030BB-5D7E-4A79-907F-060251CC0664}.Release|x86.ActiveCfg = Release|Any CPU
		{80E030BB-5D7E-4A79-907F-060251CC0664}.Release|x86.Build.0 = Release|Any CPU
	EndGlobalSection
	GlobalSection(SolutionProperties) = preSolution
		HideSolutionNode = FALSE
	EndGlobalSection
EndGlobal
